
Microsoft Visual Studio Solution File, Format Version 12.00
# Visual Studio 2017
Project("{FAE04EC0-301F-11D3-BF4B-00C04F79EFBC}") = "BossFight", "BossFight.csproj", "{2A08614E-A310-D11C-1639-28E0DC3046A3}"
EndProject
Project("{FAE04EC0-301F-11D3-BF4B-00C04F79EFBC}") = "BossFight.Editor", "BossFight.Editor.csproj", "{705924F9-DE0C-559E-0EEE-16AB11550CBD}"
EndProject
Global
	GlobalSection(SolutionConfigurationPlatforms) = preSolution
		Debug|Any CPU = Debug|Any CPU
		Release|Any CPU = Release|Any CPU
	EndGlobalSection
	GlobalSection(ProjectConfigurationPlatforms) = postSolution
		{2A08614E-A310-D11C-1639-28E0DC3046A3}.Debug|Any CPU.ActiveCfg = Debug|Any CPU
		{2A08614E-A310-D11C-1639-28E0DC3046A3}.Debug|Any CPU.Build.0 = Debug|Any CPU
		{2A08614E-A310-D11C-1639-28E0DC3046A3}.Release|Any CPU.ActiveCfg = Release|Any CPU
		{2A08614E-A310-D11C-1639-28E0DC3046A3}.Release|Any CPU.Build.0 = Release|Any CPU
		{705924F9-DE0C-559E-0EEE-16AB11550CBD}.Debug|Any CPU.ActiveCfg = Debug|Any CPU
		{705924F9-DE0C-559E-0EEE-16AB11550CBD}.Debug|Any CPU.Build.0 = Debug|Any CPU
		{705924F9-DE0C-559E-0EEE-16AB11550CBD}.Release|Any CPU.ActiveCfg = Release|Any CPU
		{705924F9-DE0C-559E-0EEE-16AB11550CBD}.Release|Any CPU.Build.0 = Release|Any CPU
	EndGlobalSection
	GlobalSection(SolutionProperties) = preSolution
		HideSolutionNode = FALSE
	EndGlobalSection
EndGlobal
